{
  "pins" : [
    {
      "identity" : "highlighterswift",
      "kind" : "remoteSourceControl",
      "location" : "https://github.com/smittytone/HighlighterSwift",
      "state" : {
        "revision" : "fe7aae9c9b31d3b296fd3d2dd575e1a207bb29e0",
        "version" : "3.1.0"
      }
    },
    {
      "identity" : "sparkle",
      "kind" : "remoteSourceControl",
      "location" : "https://github.com/sparkle-project/Sparkle",
      "state" : {
        "revision" : "b6496a74a087257ef5e6da1c5b29a447a60f5bd7",
        "version" : "2.9.4"
      }
    },
    {
      "identity" : "swift-markdown-engine",
      "kind" : "remoteSourceControl",
      "location" : "https://github.com/Mosnar/swift-markdown-engine",
      "state" : {
        "revision" : "a2dc2ea551cf65d4c72a1062fb20a7ece0c8cca6"
      }
    },
    {
      "identity" : "swiftmath",
      "kind" : "remoteSourceControl",
      "location" : "https://github.com/mgriebling/SwiftMath",
      "state" : {
        "revision" : "fa8244ed032f4a1ade4cb0571bf87d2f1a9fd2d7",
        "version" : "1.7.3"
      }
    }
  ],
  "version" : 2
}
